Microsoft Visual Studio Solution File, Format Version 12.00
# Visual Studio Version 17
VisualStudioVersion = 17.5.2.0
MinimumVisualStudioVersion = 10.0.40219.1
Project("{FAE04EC0-301F-11D3-BF4B-00C04F79EFBC}") = "VortexScript", "VortexScript.csproj", "{0F00C4F2-6888-BD2A-BEB8-145C3BAF6B3A}"
EndProject
Global
	GlobalSection(SolutionConfigurationPlatforms) = preSolution
		Debug|Any CPU = Debug|Any CPU
		Release|Any CPU = Release|Any CPU
	EndGlobalSection
	GlobalSection(ProjectConfigurationPlatforms) = postSolution
		{0F00C4F2-6888-BD2A-BEB8-145C3BAF6B3A}.Debug|Any CPU.ActiveCfg = Debug|Any CPU
		{0F00C4F2-6888-BD2A-BEB8-145C3BAF6B3A}.Debug|Any CPU.Build.0 = Debug|Any CPU
		{0F00C4F2-6888-BD2A-BEB8-145C3BAF6B3A}.Release|Any CPU.ActiveCfg = Release|Any CPU
		{0F00C4F2-6888-BD2A-BEB8-145C3BAF6B3A}.Release|Any CPU.Build.0 = Release|Any CPU
	EndGlobalSection
	GlobalSection(SolutionProperties) = preSolution
		HideSolutionNode = FALSE
	EndGlobalSection
	GlobalSection(ExtensibilityGlobals) = postSolution
		SolutionGuid = {2C4CE19A-64DC-4892-8F08-E537F89CEFBF}
	EndGlobalSection
EndGlobal
